<?xml version="1.0" encoding="utf-8"?>
<Project ToolsVersion="4.0" xmlns="http://schemas.microsoft.com/developer/msbuild/2003">
  <ItemGroup>
    <Filter Include="Source Files">
      <UniqueIdentifier>{4FC737F1-C7A5-4376-A066-2A32D752A2FF}</UniqueIdentifier>
      <Extensions>cpp;c;cc;cxx;def;odl;idl;hpj;bat;asm;asmx</Extensions>
    </Filter>
    <Filter Include="Header Files">
      <UniqueIdentifier>{93995380-89BD-4b04-88EB-625FBE52EBFB}</UniqueIdentifier>
      <Extensions>h;hh;hpp;hxx;hm;inl;inc;xsd</Extensions>
    </Filter>
    <Filter Include="Resource Files">
      <UniqueIdentifier>{67DA6AB6-F800-4c08-8B7A-83BB121AAD01}</UniqueIdentifier>
      <Extensions>rc;ico;cur;bmp;dlg;rc2;rct;bin;rgs;gif;jpg;jpeg;jpe;resx;tiff;tif;png;wav;mfcribbon-ms</Extensions>
    </Filter>
    <Filter Include="Header Files\dalsa">
      <UniqueIdentifier>{958d8674-fefc-473a-a339-4805d58f0b3f}</UniqueIdentifier>
    </Filter>
    <Filter Include="Source Files\dalsa">
      <UniqueIdentifier>{ec3571d4-b29d-4668-bc6f-f2456db980ca}</UniqueIdentifier>
    </Filter>
  </ItemGroup>
  <ItemGroup>
    <ClCompile Include="g_camera_driver_dalsa.cpp">
      <Filter>Source Files</Filter>
    </ClCompile>
    <ClCompile Include="g_camera_main.cpp">
      <Filter>Source Files</Filter>
    </ClCompile>
    <ClCompile Include="g_camera_factory.cpp">
      <Filter>Source Files</Filter>
    </ClCompile>
    <ClCompile Include="g_camera_driver_jai.cpp">
      <Filter>Source Files</Filter>
    </ClCompile>
    <ClCompile Include="dalsa\g_camera_dalsa_utils.cpp">
      <Filter>Source Files\dalsa</Filter>
    </ClCompile>
    <ClCompile Include="dalsa\g_camera_dalsa.cpp">
      <Filter>Source Files\dalsa</Filter>
    </ClCompile>
    <ClCompile Include="..\Common\logger.cpp">
      <Filter>Source Files</Filter>
    </ClCompile>
  </ItemGroup>
  <ItemGroup>
    <ClInclude Include="g_camera_driver_dalsa.h">
      <Filter>Header Files</Filter>
    </ClInclude>
    <ClInclude Include="g_camera_driver_jai.h">
      <Filter>Header Files</Filter>
    </ClInclude>
    <ClInclude Include="..\include\g_camera_factory.h">
      <Filter>Header Files</Filter>
    </ClInclude>
    <ClInclude Include="..\include\g_camera_interface.h">
      <Filter>Header Files</Filter>
    </ClInclude>
    <ClInclude Include="dalsa\g_camera_dalsa_utils.h">
      <Filter>Header Files\dalsa</Filter>
    </ClInclude>
    <ClInclude Include="dalsa\g_camera_dalsa.h">
      <Filter>Header Files\dalsa</Filter>
    </ClInclude>
    <ClInclude Include="..\include\g_camera_callback.h">
      <Filter>Header Files</Filter>
    </ClInclude>
    <ClInclude Include="..\include\logger.h">
      <Filter>Header Files</Filter>
    </ClInclude>
  </ItemGroup>
</Project>